
Microsoft Visual Studio Solution File, Format Version 12.00
# Visual Studio Version 17
VisualStudioVersion = 17.2.32505.173
MinimumVisualStudioVersion = 10.0.40219.1
Project("{FAE04EC0-301F-11D3-BF4B-00C04F79EFBC}") = "MongoDBTest", "MongoDBTest\MongoDBTest.csproj", "{D1BE314F-62FE-4C21-8058-D3031FD93C00}"
EndProject
Global
	GlobalSection(SolutionConfigurationPlatforms) = preSolution
		Debug|Any CPU = Debug|Any CPU
		Release|Any CPU = Release|Any CPU
	EndGlobalSection
	GlobalSection(ProjectConfigurationPlatforms) = postSolution
		{D1BE314F-62FE-4C21-8058-D3031FD93C00}.Debug|Any CPU.ActiveCfg = Debug|Any CPU
		{D1BE314F-62FE-4C21-8058-D3031FD93C00}.Debug|Any CPU.Build.0 = Debug|Any CPU
		{D1BE314F-62FE-4C21-8058-D3031FD93C00}.Release|Any CPU.ActiveCfg = Release|Any CPU
		{D1BE314F-62FE-4C21-8058-D3031FD93C00}.Release|Any CPU.Build.0 = Release|Any CPU
	EndGlobalSection
	GlobalSection(SolutionProperties) = preSolution
		HideSolutionNode = FALSE
	EndGlobalSection
	GlobalSection(ExtensibilityGlobals) = postSolution
		SolutionGuid = {9D0BF452-3CA0-4F27-AA68-C14FBA5A1CDF}
	EndGlobalSection
EndGlobal
